
Microsoft Visual Studio Solution File, Format Version 12.00
# Visual Studio Version 17
VisualStudioVersion = 17.14.36408.4
MinimumVisualStudioVersion = 10.0.40219.1
Project("{FAE04EC0-301F-11D3-BF4B-00C04F79EFBC}") = "Producer", "Producer\Producer.csproj", "{79CA6B43-35EC-4210-9A10-EC8B8F661E02}"
EndProject
Project("{FAE04EC0-301F-11D3-BF4B-00C04F79EFBC}") = "ErrorWorker", "ErrorWorker\ErrorWorker.csproj", "{5B1F81E8-DF28-4C76-8A4A-FC2EA8856A0B}"
EndProject
Project("{FAE04EC0-301F-11D3-BF4B-00C04F79EFBC}") = "InfoSubscriber", "InfoSubscriber\InfoSubscriber.csproj", "{9648084D-1180-4C20-9401-8BD5F126308C}"
EndProject
Project("{FAE04EC0-301F-11D3-BF4B-00C04F79EFBC}") = "Shared", "Shared\Shared.csproj", "{4F1B66A6-0F85-4F1F-B41C-435EAE97EC49}"
EndProject
Global
	GlobalSection(SolutionConfigurationPlatforms) = preSolution
		Debug|Any CPU = Debug|Any CPU
		Release|Any CPU = Release|Any CPU
	EndGlobalSection
	GlobalSection(ProjectConfigurationPlatforms) = postSolution
		{79CA6B43-35EC-4210-9A10-EC8B8F661E02}.Debug|Any CPU.ActiveCfg = Debug|Any CPU
		{79CA6B43-35EC-4210-9A10-EC8B8F661E02}.Debug|Any CPU.Build.0 = Debug|Any CPU
		{79CA6B43-35EC-4210-9A10-EC8B8F661E02}.Release|Any CPU.ActiveCfg = Release|Any CPU
		{79CA6B43-35EC-4210-9A10-EC8B8F661E02}.Release|Any CPU.Build.0 = Release|Any CPU
		{5B1F81E8-DF28-4C76-8A4A-FC2EA8856A0B}.Debug|Any CPU.ActiveCfg = Debug|Any CPU
		{5B1F81E8-DF28-4C76-8A4A-FC2EA8856A0B}.Debug|Any CPU.Build.0 = Debug|Any CPU
		{5B1F81E8-DF28-4C76-8A4A-FC2EA8856A0B}.Release|Any CPU.ActiveCfg = Release|Any CPU
		{5B1F81E8-DF28-4C76-8A4A-FC2EA8856A0B}.Release|Any CPU.Build.0 = Release|Any CPU
		{9648084D-1180-4C20-9401-8BD5F126308C}.Debug|Any CPU.ActiveCfg = Debug|Any CPU
		{9648084D-1180-4C20-9401-8BD5F126308C}.Debug|Any CPU.Build.0 = Debug|Any CPU
		{9648084D-1180-4C20-9401-8BD5F126308C}.Release|Any CPU.ActiveCfg = Release|Any CPU
		{9648084D-1180-4C20-9401-8BD5F126308C}.Release|Any CPU.Build.0 = Release|Any CPU
		{4F1B66A6-0F85-4F1F-B41C-435EAE97EC49}.Debug|Any CPU.ActiveCfg = Debug|Any CPU
		{4F1B66A6-0F85-4F1F-B41C-435EAE97EC49}.Debug|Any CPU.Build.0 = Debug|Any CPU
		{4F1B66A6-0F85-4F1F-B41C-435EAE97EC49}.Release|Any CPU.ActiveCfg = Release|Any CPU
		{4F1B66A6-0F85-4F1F-B41C-435EAE97EC49}.Release|Any CPU.Build.0 = Release|Any CPU
	EndGlobalSection
	GlobalSection(SolutionProperties) = preSolution
		HideSolutionNode = FALSE
	EndGlobalSection
	GlobalSection(ExtensibilityGlobals) = postSolution
		SolutionGuid = {C0260C38-2A70-4237-9F05-040E16060CE5}
	EndGlobalSection
EndGlobal
